
Microsoft Visual Studio Solution File, Format Version 12.00
# Visual Studio Version 16
VisualStudioVersion = 16.0.30330.147
MinimumVisualStudioVersion = 10.0.40219.1
Project("{FAE04EC0-301F-11D3-BF4B-00C04F79EFBC}") = "TallerFinalConversionMasa", "TallerFinalConversionMasa\TallerFinalConversionMasa.csproj", "{D3C14DA1-8691-40B3-8558-F497A96CB94A}"
EndProject
Global
	GlobalSection(SolutionConfigurationPlatforms) = preSolution
		Debug|Any CPU = Debug|Any CPU
		Release|Any CPU = Release|Any CPU
	EndGlobalSection
	GlobalSection(ProjectConfigurationPlatforms) = postSolution
		{D3C14DA1-8691-40B3-8558-F497A96CB94A}.Debug|Any CPU.ActiveCfg = Debug|Any CPU
		{D3C14DA1-8691-40B3-8558-F497A96CB94A}.Debug|Any CPU.Build.0 = Debug|Any CPU
		{D3C14DA1-8691-40B3-8558-F497A96CB94A}.Release|Any CPU.ActiveCfg = Release|Any CPU
		{D3C14DA1-8691-40B3-8558-F497A96CB94A}.Release|Any CPU.Build.0 = Release|Any CPU
	EndGlobalSection
	GlobalSection(SolutionProperties) = preSolution
		HideSolutionNode = FALSE
	EndGlobalSection
	GlobalSection(ExtensibilityGlobals) = postSolution
		SolutionGuid = {1ECAE6AB-2C0A-4B6D-8D3A-323FF9806C9B}
	EndGlobalSection
EndGlobal
